
Microsoft Visual Studio Solution File, Format Version 12.00
# Visual Studio Version 17
VisualStudioVersion = 17.14.36414.22 d17.14
MinimumVisualStudioVersion = 10.0.40219.1
Project("{FAE04EC0-301F-11D3-BF4B-00C04F79EFBC}") = "FirstGitHubExercise", "FirstGitHubExercise.csproj", "{F5A83344-4ED9-4978-9DEF-26B6308AD437}"
EndProject
Global
	GlobalSection(SolutionConfigurationPlatforms) = preSolution
		Debug|Any CPU = Debug|Any CPU
		Release|Any CPU = Release|Any CPU
	EndGlobalSection
	GlobalSection(ProjectConfigurationPlatforms) = postSolution
		{F5A83344-4ED9-4978-9DEF-26B6308AD437}.Debug|Any CPU.ActiveCfg = Debug|Any CPU
		{F5A83344-4ED9-4978-9DEF-26B6308AD437}.Debug|Any CPU.Build.0 = Debug|Any CPU
		{F5A83344-4ED9-4978-9DEF-26B6308AD437}.Release|Any CPU.ActiveCfg = Release|Any CPU
		{F5A83344-4ED9-4978-9DEF-26B6308AD437}.Release|Any CPU.Build.0 = Release|Any CPU
	EndGlobalSection
	GlobalSection(SolutionProperties) = preSolution
		HideSolutionNode = FALSE
	EndGlobalSection
	GlobalSection(ExtensibilityGlobals) = postSolution
		SolutionGuid = {41C820BB-0964-4BD7-919A-56CF899F7D90}
	EndGlobalSection
EndGlobal
